{
  "name": "Centro_Salud",
  "lockfileVersion": 3,
  "requires": true,
  "packages": {
    "": {
      "dependencies": {
        "@scalar/nestjs-api-reference": "^1.0.1"
      }
    },
    "node_modules/@scalar/core": {
      "version": "0.3.16",
      "resolved": "https://registry.npmjs.org/@scalar/core/-/core-0.3.16.tgz",
      "integrity": "sha512-gZLKu6yzc9Md8X29OX7hN/Cgl95ReHK+t/HXbaT3O8hsbCc9JyhEZiKFpTfCH9vcgyYQ91fcq9w8tT4BVpFJUw==",
      "license": "MIT",
      "dependencies": {
        "@scalar/types": "0.2.15"
      },
      "engines": {
        "node": ">=20"
      }
    },
    "node_modules/@scalar/nestjs-api-reference": {
      "version": "1.0.1",
      "resolved": "https://registry.npmjs.org/@scalar/nestjs-api-reference/-/nestjs-api-reference-1.0.1.tgz",
      "integrity": "sha512-oQ1JBMgssfYEvi70r/Nqo78IkVUbOEoP+R9btUCUc2aLTXq4hdxnwSSD5idMY0UmDGy+ODFNSGev/6E6eLnDXQ==",
      "license": "MIT",
      "dependencies": {
        "@scalar/core": "0.3.16"
      },
      "engines": {
        "node": ">=20"
      }
    },
    "node_modules/@scalar/openapi-types": {
      "version": "0.3.7",
      "resolved": "https://registry.npmjs.org/@scalar/openapi-types/-/openapi-types-0.3.7.tgz",
      "integrity": "sha512-QHSvHBVDze3+dUwAhIGq6l1iOev4jdoqdBK7QpfeN1Q4h+6qpVEw3EEqBiH0AXUSh/iWwObBv4uMgfIx0aNZ5g==",
      "license": "MIT",
      "dependencies": {
        "zod": "3.24.1"
      },
      "engines": {
        "node": ">=20"
      }
    },
    "node_modules/@scalar/types": {
      "version": "0.2.15",
      "resolved": "https://registry.npmjs.org/@scalar/types/-/types-0.2.15.tgz",
      "integrity": "sha512-x2aCNmkDqr3VXUHjw7wPXK9KZwHbGGMs4NuxJIzy9MbAxUS9li8HXGG0K82Q5fDm47SAM+68z0/tnWkJpu+kzg==",
      "license": "MIT",
      "dependencies": {
        "@scalar/openapi-types": "0.3.7",
        "nanoid": "5.1.5",
        "zod": "3.24.1"
      },
      "engines": {
        "node": ">=20"
      }
    },
    "node_modules/nanoid": {
      "version": "5.1.5",
      "resolved": "https://registry.npmjs.org/nanoid/-/nanoid-5.1.5.tgz",
      "integrity": "sha512-Ir/+ZpE9fDsNH0hQ3C68uyThDXzYcim2EqcZ8zn8Chtt1iylPT9xXJB0kPCnqzgcEGikO9RxSrh63MsmVCU7Fw==",
      "funding": [
        {
          "type": "github",
          "url": "https://github.com/sponsors/ai"
        }
      ],
      "license": "MIT",
      "bin": {
        "nanoid": "bin/nanoid.js"
      },
      "engines": {
        "node": "^18 || >=20"
      }
    },
    "node_modules/zod": {
      "version": "3.24.1",
      "resolved": "https://registry.npmjs.org/zod/-/zod-3.24.1.tgz",
      "integrity": "sha512-muH7gBL9sI1nciMZV67X5fTKKBLtwpZ5VBp1vsOQzj1MhrBZ4wlVCm3gedKZWLp0Oyel8sIGfeiz54Su+OVT+A==",
      "license": "MIT",
      "funding": {
        "url": "https://github.com/sponsors/colinhacks"
      }
    }
  }
}
